
Microsoft Visual Studio Solution File, Format Version 12.00
# Visual Studio Version 16
VisualStudioVersion = 25.0.1706.7
MinimumVisualStudioVersion = 10.0.40219.1
Project("{FAE04EC0-301F-11D3-BF4B-00C04F79EFBC}") = "ShinyLocalNotification", "ShinyLocalNotification\ShinyLocalNotification.csproj", "{0A1A65A2-9DC1-419C-A6AD-4D3314D35519}"
EndProject
Global
	GlobalSection(SolutionConfigurationPlatforms) = preSolution
		Debug|Any CPU = Debug|Any CPU
		Release|Any CPU = Release|Any CPU
	EndGlobalSection
	GlobalSection(ProjectConfigurationPlatforms) = postSolution
		{0A1A65A2-9DC1-419C-A6AD-4D3314D35519}.Debug|Any CPU.ActiveCfg = Debug|Any CPU
		{0A1A65A2-9DC1-419C-A6AD-4D3314D35519}.Debug|Any CPU.Build.0 = Debug|Any CPU
		{0A1A65A2-9DC1-419C-A6AD-4D3314D35519}.Release|Any CPU.ActiveCfg = Release|Any CPU
		{0A1A65A2-9DC1-419C-A6AD-4D3314D35519}.Release|Any CPU.Build.0 = Release|Any CPU
	EndGlobalSection
	GlobalSection(SolutionProperties) = preSolution
		HideSolutionNode = FALSE
	EndGlobalSection
	GlobalSection(ExtensibilityGlobals) = postSolution
		SolutionGuid = {69905514-B102-4224-AFE0-F824AE9774F0}
	EndGlobalSection
EndGlobal
